// !$*UTF8*$!
{
	archiveVersion = 1;
	classes = {
	};
	objectVersion = 56;
	objects = {

/* Begin PBXBuildFile section */
		B26AA1FC2AB48EC7009435A3 /* RegistrationApp.swift in Sources */ = {isa = PBXBuildFile; fileRef = B26AA1FB2AB48EC7009435A3 /* RegistrationApp.swift */; };
		B26AA1FE2AB48EC7009435A3 /* RegistrationView.swift in Sources */ = {isa = PBXBuildFile; fileRef = B26AA1FD2AB48EC7009435A3 /* RegistrationView.swift */; };
		B26AA2002AB48EC7009435A3 /* Assets.xcassets in Resources */ = {isa = PBXBuildFile; fileRef = B26AA1FF2AB48EC7009435A3 /* Assets.xcassets */; };
		B26AA2042AB48EC7009435A3 /* Preview Assets.xcassets in Resources */ = {isa = PBXBuildFile; fileRef = B26AA2032AB48EC7009435A3 /* Preview Assets.xcassets */; };
		B26AA20D2AB4908C009435A3 /* RegistrationViewModel.swift in Sources */ = {isa = PBXBuildFile; fileRef = B26AA20C2AB4908C009435A3 /* RegistrationViewModel.swift */; };
		B26AA20F2AB4916F009435A3 /* ConfirmationView.swift in Sources */ = {isa = PBXBuildFile; fileRef = B26AA20E2AB4916F009435A3 /* ConfirmationView.swift */; };
		B26AA2122AB49227009435A3 /* AppRouter.swift in Sources */ = {isa = PBXBuildFile; fileRef = B26AA2112AB49227009435A3 /* AppRouter.swift */; };
		B26AA2142AB492C3009435A3 /* AppView.swift in Sources */ = {isa = PBXBuildFile; fileRef = B26AA2132AB492C3009435A3 /* AppView.swift */; };
		B26AA2232AB49C57009435A3 /* AppRouterTests.swift in Sources */ = {isa = PBXBuildFile; fileRef = B26AA2222AB49C57009435A3 /* AppRouterTests.swift */; };
		B26AA2252AB49D18009435A3 /* RegistrationViewModel.swift in Sources */ = {isa = PBXBuildFile; fileRef = B26AA2242AB49D18009435A3 /* RegistrationViewModel.swift */; };
/* End PBXBuildFile section */

/* Begin PBXContainerItemProxy section */
		B26AA21D2AB49C3C009435A3 /* PBXContainerItemProxy */ = {
			isa = PBXContainerItemProxy;
			containerPortal = B26AA1F02AB48EC7009435A3 /* Project object */;
			proxyType = 1;
			remoteGlobalIDString = B26AA1F72AB48EC7009435A3;
			remoteInfo = RegistrationApp;
		};
/* End PBXContainerItemProxy section */

/* Begin PBXFileReference section */
		B26AA1F82AB48EC7009435A3 /* RegistrationApp.app */ = {isa = PBXFileReference; explicitFileType = wrapper.application; includeInIndex = 0; path = RegistrationApp.app; sourceTree = BUILT_PRODUCTS_DIR; };
		B26AA1FB2AB48EC7009435A3 /* RegistrationApp.swift */ = {isa = PBXFileReference; lastKnownFileType = sourcecode.swift; path = RegistrationApp.swift; sourceTree = "<group>"; };
		B26AA1FD2AB48EC7009435A3 /* RegistrationView.swift */ = {isa = PBXFileReference; lastKnownFileType = sourcecode.swift; path = RegistrationView.swift; sourceTree = "<group>"; };
		B26AA1FF2AB48EC7009435A3 /* Assets.xcassets */ = {isa = PBXFileReference; lastKnownFileType = folder.assetcatalog; path = Assets.xcassets; sourceTree = "<group>"; };
		B26AA2012AB48EC7009435A3 /* RegistrationApp.entitlements */ = {isa = PBXFileReference; lastKnownFileType = text.plist.entitlements; path = RegistrationApp.entitlements; sourceTree = "<group>"; };
		B26AA2032AB48EC7009435A3 /* Preview Assets.xcassets */ = {isa = PBXFileReference; lastKnownFileType = folder.assetcatalog; path = "Preview Assets.xcassets"; sourceTree = "<group>"; };
		B26AA20C2AB4908C009435A3 /* RegistrationViewModel.swift */ = {isa = PBXFileReference; lastKnownFileType = sourcecode.swift; path = RegistrationViewModel.swift; sourceTree = "<group>"; };
		B26AA20E2AB4916F009435A3 /* ConfirmationView.swift */ = {isa = PBXFileReference; lastKnownFileType = sourcecode.swift; path = ConfirmationView.swift; sourceTree = "<group>"; };
		B26AA2112AB49227009435A3 /* AppRouter.swift */ = {isa = PBXFileReference; lastKnownFileType = sourcecode.swift; path = AppRouter.swift; sourceTree = "<group>"; };
		B26AA2132AB492C3009435A3 /* AppView.swift */ = {isa = PBXFileReference; lastKnownFileType = sourcecode.swift; path = AppView.swift; sourceTree = "<group>"; };
		B26AA2192AB49C3C009435A3 /* RegistrationAppTests.xctest */ = {isa = PBXFileReference; explicitFileType = wrapper.cfbundle; includeInIndex = 0; path = RegistrationAppTests.xctest; sourceTree = BUILT_PRODUCTS_DIR; };
		B26AA2222AB49C57009435A3 /* AppRouterTests.swift */ = {isa = PBXFileReference; lastKnownFileType = sourcecode.swift; path = AppRouterTests.swift; sourceTree = "<group>"; };
		B26AA2242AB49D18009435A3 /* RegistrationViewModel.swift */ = {isa = PBXFileReference; lastKnownFileType = sourcecode.swift; path = RegistrationViewModel.swift; sourceTree = "<group>"; };
/* End PBXFileReference section */

/* Begin PBXFrameworksBuildPhase section */
		B26AA1F52AB48EC7009435A3 /* Frameworks */ = {
			isa = PBXFrameworksBuildPhase;
			buildActionMask = 2147483647;
			files = (
			);
			runOnlyForDeploymentPostprocessing = 0;
		};
		B26AA2162AB49C3C009435A3 /* Frameworks */ = {
			isa = PBXFrameworksBuildPhase;
			buildActionMask = 2147483647;
			files = (
			);
			runOnlyForDeploymentPostprocessing = 0;
		};
/* End PBXFrameworksBuildPhase section */

/* Begin PBXGroup section */
		B26AA1EF2AB48EC7009435A3 = {
			isa = PBXGroup;
			children = (
				B26AA1FA2AB48EC7009435A3 /* RegistrationApp */,
				B26AA21A2AB49C3C009435A3 /* RegistrationAppTests */,
				B26AA1F92AB48EC7009435A3 /* Products */,
			);
			sourceTree = "<group>";
		};
		B26AA1F92AB48EC7009435A3 /* Products */ = {
			isa = PBXGroup;
			children = (
				B26AA1F82AB48EC7009435A3 /* RegistrationApp.app */,
				B26AA2192AB49C3C009435A3 /* RegistrationAppTests.xctest */,
			);
			name = Products;
			sourceTree = "<group>";
		};
		B26AA1FA2AB48EC7009435A3 /* RegistrationApp */ = {
			isa = PBXGroup;
			children = (
				B26AA2102AB491F6009435A3 /* Router */,
				B26AA20B2AB49078009435A3 /* ViewModel */,
				B26AA20A2AB48F47009435A3 /* View */,
				B26AA1FB2AB48EC7009435A3 /* RegistrationApp.swift */,
				B26AA1FF2AB48EC7009435A3 /* Assets.xcassets */,
				B26AA2012AB48EC7009435A3 /* RegistrationApp.entitlements */,
				B26AA2022AB48EC7009435A3 /* Preview Content */,
			);
			path = RegistrationApp;
			sourceTree = "<group>";
		};
		B26AA2022AB48EC7009435A3 /* Preview Content */ = {
			isa = PBXGroup;
			children = (
				B26AA2032AB48EC7009435A3 /* Preview Assets.xcassets */,
			);
			path = "Preview Content";
			sourceTree = "<group>";
		};
		B26AA20A2AB48F47009435A3 /* View */ = {
			isa = PBXGroup;
			children = (
				B26AA1FD2AB48EC7009435A3 /* RegistrationView.swift */,
				B26AA20E2AB4916F009435A3 /* ConfirmationView.swift */,
				B26AA2132AB492C3009435A3 /* AppView.swift */,
			);
			path = View;
			sourceTree = "<group>";
		};
		B26AA20B2AB49078009435A3 /* ViewModel */ = {
			isa = PBXGroup;
			children = (
				B26AA20C2AB4908C009435A3 /* RegistrationViewModel.swift */,
			);
			path = ViewModel;
			sourceTree = "<group>";
		};
		B26AA2102AB491F6009435A3 /* Router */ = {
			isa = PBXGroup;
			children = (
				B26AA2112AB49227009435A3 /* AppRouter.swift */,
			);
			path = Router;
			sourceTree = "<group>";
		};
		B26AA21A2AB49C3C009435A3 /* RegistrationAppTests */ = {
			isa = PBXGroup;
			children = (
				B26AA2222AB49C57009435A3 /* AppRouterTests.swift */,
				B26AA2242AB49D18009435A3 /* RegistrationViewModel.swift */,
			);
			path = RegistrationAppTests;
			sourceTree = "<group>";
		};
/* End PBXGroup section */

/* Begin PBXNativeTarget section */
		B26AA1F72AB48EC7009435A3 /* RegistrationApp */ = {
			isa = PBXNativeTarget;
			buildConfigurationList = B26AA2072AB48EC7009435A3 /* Build configuration list for PBXNativeTarget "RegistrationApp" */;
			buildPhases = (
				B26AA1F42AB48EC7009435A3 /* Sources */,
				B26AA1F52AB48EC7009435A3 /* Frameworks */,
				B26AA1F62AB48EC7009435A3 /* Resources */,
			);
			buildRules = (
			);
			dependencies = (
			);
			name = RegistrationApp;
			productName = RegistrationApp;
			productReference = B26AA1F82AB48EC7009435A3 /* RegistrationApp.app */;
			productType = "com.apple.product-type.application";
		};
		B26AA2182AB49C3C009435A3 /* RegistrationAppTests */ = {
			isa = PBXNativeTarget;
			buildConfigurationList = B26AA21F2AB49C3C009435A3 /* Build configuration list for PBXNativeTarget "RegistrationAppTests" */;
			buildPhases = (
				B26AA2152AB49C3C009435A3 /* Sources */,
				B26AA2162AB49C3C009435A3 /* Frameworks */,
				B26AA2172AB49C3C009435A3 /* Resources */,
			);
			buildRules = (
			);
			dependencies = (
				B26AA21E2AB49C3C009435A3 /* PBXTargetDependency */,
			);
			name = RegistrationAppTests;
			productName = RegistrationAppTests;
			productReference = B26AA2192AB49C3C009435A3 /* RegistrationAppTests.xctest */;
			productType = "com.apple.product-type.bundle.unit-test";
		};
/* End PBXNativeTarget section */

/* Begin PBXProject section */
		B26AA1F02AB48EC7009435A3 /* Project object */ = {
			isa = PBXProject;
			attributes = {
				BuildIndependentTargetsInParallel = 1;
				LastSwiftUpdateCheck = 1410;
				LastUpgradeCheck = 1410;
				TargetAttributes = {
					B26AA1F72AB48EC7009435A3 = {
						CreatedOnToolsVersion = 14.1;
					};
					B26AA2182AB49C3C009435A3 = {
						CreatedOnToolsVersion = 14.1;
						LastSwiftMigration = 1410;
						TestTargetID = B26AA1F72AB48EC7009435A3;
					};
				};
			};
			buildConfigurationList = B26AA1F32AB48EC7009435A3 /* Build configuration list for PBXProject "RegistrationApp" */;
			compatibilityVersion = "Xcode 14.0";
			developmentRegion = en;
			hasScannedForEncodings = 0;
			knownRegions = (
				en,
				Base,
			);
			mainGroup = B26AA1EF2AB48EC7009435A3;
			productRefGroup = B26AA1F92AB48EC7009435A3 /* Products */;
			projectDirPath = "";
			projectRoot = "";
			targets = (
				B26AA1F72AB48EC7009435A3 /* RegistrationApp */,
				B26AA2182AB49C3C009435A3 /* RegistrationAppTests */,
			);
		};
/* End PBXProject section */

/* Begin PBXResourcesBuildPhase section */
		B26AA1F62AB48EC7009435A3 /* Resources */ = {
			isa = PBXResourcesBuildPhase;
			buildActionMask = 2147483647;
			files = (
				B26AA2042AB48EC7009435A3 /* Preview Assets.xcassets in Resources */,
				B26AA2002AB48EC7009435A3 /* Assets.xcassets in Resources */,
			);
			runOnlyForDeploymentPostprocessing = 0;
		};
		B26AA2172AB49C3C009435A3 /* Resources */ = {
			isa = PBXResourcesBuildPhase;
			buildActionMask = 2147483647;
			files = (
			);
			runOnlyForDeploymentPostprocessing = 0;
		};
/* End PBXResourcesBuildPhase section */

/* Begin PBXSourcesBuildPhase section */
		B26AA1F42AB48EC7009435A3 /* Sources */ = {
			isa = PBXSourcesBuildPhase;
			buildActionMask = 2147483647;
			files = (
				B26AA1FE2AB48EC7009435A3 /* RegistrationView.swift in Sources */,
				B26AA20F2AB4916F009435A3 /* ConfirmationView.swift in Sources */,
				B26AA2142AB492C3009435A3 /* AppView.swift in Sources */,
				B26AA20D2AB4908C009435A3 /* RegistrationViewModel.swift in Sources */,
				B26AA2122AB49227009435A3 /* AppRouter.swift in Sources */,
				B26AA1FC2AB48EC7009435A3 /* RegistrationApp.swift in Sources */,
			);
			runOnlyForDeploymentPostprocessing = 0;
		};
		B26AA2152AB49C3C009435A3 /* Sources */ = {
			isa = PBXSourcesBuildPhase;
			buildActionMask = 2147483647;
			files = (
				B26AA2232AB49C57009435A3 /* AppRouterTests.swift in Sources */,
				B26AA2252AB49D18009435A3 /* RegistrationViewModel.swift in Sources */,
			);
			runOnlyForDeploymentPostprocessing = 0;
		};
/* End PBXSourcesBuildPhase section */

/* Begin PBXTargetDependency section */
		B26AA21E2AB49C3C009435A3 /* PBXTargetDependency */ = {
			isa = PBXTargetDependency;
			target = B26AA1F72AB48EC7009435A3 /* RegistrationApp */;
			targetProxy = B26AA21D2AB49C3C009435A3 /* PBXContainerItemProxy */;
		};
/* End PBXTargetDependency section */

/* Begin XCBuildConfiguration section */
		B26AA2052AB48EC7009435A3 /* Debug */ = {
			isa = XCBuildConfiguration;
			buildSettings = {
				ALWAYS_SEARCH_USER_PATHS = NO;
				CLANG_ANALYZER_NONNULL = YES;
				CLANG_ANALYZER_NUMBER_OBJECT_CONVERSION = YES_AGGRESSIVE;
				CLANG_CXX_LANGUAGE_STANDARD = "gnu++20";
				CLANG_ENABLE_MODULES = YES;
				CLANG_ENABLE_OBJC_ARC = YES;
				CLANG_ENABLE_OBJC_WEAK = YES;
				CLANG_WARN_BLOCK_CAPTURE_AUTORELEASING = YES;
				CLANG_WARN_BOOL_CONVERSION = YES;
				CLANG_WARN_COMMA = YES;
				CLANG_WARN_CONSTANT_CONVERSION = YES;
				CLANG_WARN_DEPRECATED_OBJC_IMPLEMENTATIONS = YES;
				CLANG_WARN_DIRECT_OBJC_ISA_USAGE = YES_ERROR;
				CLANG_WARN_DOCUMENTATION_COMMENTS = YES;
				CLANG_WARN_EMPTY_BODY = YES;
				CLANG_WARN_ENUM_CONVERSION = YES;
				CLANG_WARN_INFINITE_RECURSION = YES;
				CLANG_WARN_INT_CONVERSION = YES;
				CLANG_WARN_NON_LITERAL_NULL_CONVERSION = YES;
				CLANG_WARN_OBJC_IMPLICIT_RETAIN_SELF = YES;
				CLANG_WARN_OBJC_LITERAL_CONVERSION = YES;
				CLANG_WARN_OBJC_ROOT_CLASS = YES_ERROR;
				CLANG_WARN_QUOTED_INCLUDE_IN_FRAMEWORK_HEADER = YES;
				CLANG_WARN_RANGE_LOOP_ANALYSIS = YES;
				CLANG_WARN_STRICT_PROTOTYPES = YES;
				CLANG_WARN_SUSPICIOUS_MOVE = YES;
				CLANG_WARN_UNGUARDED_AVAILABILITY = YES_AGGRESSIVE;
				CLANG_WARN_UNREACHABLE_CODE = YES;
				CLANG_WARN__DUPLICATE_METHOD_MATCH = YES;
				COPY_PHASE_STRIP = NO;
				DEBUG_INFORMATION_FORMAT = dwarf;
				ENABLE_STRICT_OBJC_MSGSEND = YES;
				ENABLE_TESTABILITY = YES;
				GCC_C_LANGUAGE_STANDARD = gnu11;
				GCC_DYNAMIC_NO_PIC = NO;
				GCC_NO_COMMON_BLOCKS = YES;
				GCC_OPTIMIZATION_LEVEL = 0;
				GCC_PREPROCESSOR_DEFINITIONS = (
					"DEBUG=1",
					"$(inherited)",
				);
				GCC_WARN_64_TO_32_BIT_CONVERSION = YES;
				GCC_WARN_ABOUT_RETURN_TYPE = YES_ERROR;
				GCC_WARN_UNDECLARED_SELECTOR = YES;
				GCC_WARN_UNINITIALIZED_AUTOS = YES_AGGRESSIVE;
				GCC_WARN_UNUSED_FUNCTION = YES;
				GCC_WARN_UNUSED_VARIABLE = YES;
				MTL_ENABLE_DEBUG_INFO = INCLUDE_SOURCE;
				MTL_FAST_MATH = YES;
				ONLY_ACTIVE_ARCH = YES;
				SWIFT_ACTIVE_COMPILATION_CONDITIONS = DEBUG;
				SWIFT_OPTIMIZATION_LEVEL = "-Onone";
			};
			name = Debug;
		};
		B26AA2062AB48EC7009435A3 /* Release */ = {
			isa = XCBuildConfiguration;
			buildSettings = {
				ALWAYS_SEARCH_USER_PATHS = NO;
				CLANG_ANALYZER_NONNULL = YES;
				CLANG_ANALYZER_NUMBER_OBJECT_CONVERSION = YES_AGGRESSIVE;
				CLANG_CXX_LANGUAGE_STANDARD = "gnu++20";
				CLANG_ENABLE_MODULES = YES;
				CLANG_ENABLE_OBJC_ARC = YES;
				CLANG_ENABLE_OBJC_WEAK = YES;
				CLANG_WARN_BLOCK_CAPTURE_AUTORELEASING = YES;
				CLANG_WARN_BOOL_CONVERSION = YES;
				CLANG_WARN_COMMA = YES;
				CLANG_WARN_CONSTANT_CONVERSION = YES;
				CLANG_WARN_DEPRECATED_OBJC_IMPLEMENTATIONS = YES;
				CLANG_WARN_DIRECT_OBJC_ISA_USAGE = YES_ERROR;
				CLANG_WARN_DOCUMENTATION_COMMENTS = YES;
				CLANG_WARN_EMPTY_BODY = YES;
				CLANG_WARN_ENUM_CONVERSION = YES;
				CLANG_WARN_INFINITE_RECURSION = YES;
				CLANG_WARN_INT_CONVERSION = YES;
				CLANG_WARN_NON_LITERAL_NULL_CONVERSION = YES;
				CLANG_WARN_OBJC_IMPLICIT_RETAIN_SELF = YES;
				CLANG_WARN_OBJC_LITERAL_CONVERSION = YES;
				CLANG_WARN_OBJC_ROOT_CLASS = YES_ERROR;
				CLANG_WARN_QUOTED_INCLUDE_IN_FRAMEWORK_HEADER = YES;
				CLANG_WARN_RANGE_LOOP_ANALYSIS = YES;
				CLANG_WARN_STRICT_PROTOTYPES = YES;
				CLANG_WARN_SUSPICIOUS_MOVE = YES;
				CLANG_WARN_UNGUARDED_AVAILABILITY = YES_AGGRESSIVE;
				CLANG_WARN_UNREACHABLE_CODE = YES;
				CLANG_WARN__DUPLICATE_METHOD_MATCH = YES;
				COPY_PHASE_STRIP = NO;
				DEBUG_INFORMATION_FORMAT = "dwarf-with-dsym";
				ENABLE_NS_ASSERTIONS = NO;
				ENABLE_STRICT_OBJC_MSGSEND = YES;
				GCC_C_LANGUAGE_STANDARD = gnu11;
				GCC_NO_COMMON_BLOCKS = YES;
				GCC_WARN_64_TO_32_BIT_CONVERSION = YES;
				GCC_WARN_ABOUT_RETURN_TYPE = YES_ERROR;
				GCC_WARN_UNDECLARED_SELECTOR = YES;
				GCC_WARN_UNINITIALIZED_AUTOS = YES_AGGRESSIVE;
				GCC_WARN_UNUSED_FUNCTION = YES;
				GCC_WARN_UNUSED_VARIABLE = YES;
				MTL_ENABLE_DEBUG_INFO = NO;
				MTL_FAST_MATH = YES;
				SWIFT_COMPILATION_MODE = wholemodule;
				SWIFT_OPTIMIZATION_LEVEL = "-O";
			};
			name = Release;
		};
		B26AA2082AB48EC7009435A3 /* Debug */ = {
			isa = XCBuildConfiguration;
			buildSettings = {
				ASSETCATALOG_COMPILER_APPICON_NAME = AppIcon;
				ASSETCATALOG_COMPILER_GLOBAL_ACCENT_COLOR_NAME = AccentColor;
				CODE_SIGN_ENTITLEMENTS = RegistrationApp/RegistrationApp.entitlements;
				CODE_SIGN_STYLE = Automatic;
				CURRENT_PROJECT_VERSION = 1;
				DEVELOPMENT_ASSET_PATHS = "\"RegistrationApp/Preview Content\"";
				ENABLE_PREVIEWS = YES;
				GENERATE_INFOPLIST_FILE = YES;
				"INFOPLIST_KEY_UIApplicationSceneManifest_Generation[sdk=iphoneos*]" = YES;
				"INFOPLIST_KEY_UIApplicationSceneManifest_Generation[sdk=iphonesimulator*]" = YES;
				"INFOPLIST_KEY_UIApplicationSupportsIndirectInputEvents[sdk=iphoneos*]" = YES;
				"INFOPLIST_KEY_UIApplicationSupportsIndirectInputEvents[sdk=iphonesimulator*]" = YES;
				"INFOPLIST_KEY_UILaunchScreen_Generation[sdk=iphoneos*]" = YES;
				"INFOPLIST_KEY_UILaunchScreen_Generation[sdk=iphonesimulator*]" = YES;
				"INFOPLIST_KEY_UIStatusBarStyle[sdk=iphoneos*]" = UIStatusBarStyleDefault;
				"INFOPLIST_KEY_UIStatusBarStyle[sdk=iphonesimulator*]" = UIStatusBarStyleDefault;
				INFOPLIST_KEY_UISupportedInterfaceOrientations_iPad = "UIInterfaceOrientationPortrait UIInterfaceOrientationPortraitUpsideDown UIInterfaceOrientationLandscapeLeft UIInterfaceOrientationLandscapeRight";
				INFOPLIST_KEY_UISupportedInterfaceOrientations_iPhone = "UIInterfaceOrientationPortrait UIInterfaceOrientationLandscapeLeft UIInterfaceOrientationLandscapeRight";
				IPHONEOS_DEPLOYMENT_TARGET = 16.1;
				LD_RUNPATH_SEARCH_PATHS = "@executable_path/Frameworks";
				"LD_RUNPATH_SEARCH_PATHS[sdk=macosx*]" = "@executable_path/../Frameworks";
				MACOSX_DEPLOYMENT_TARGET = 13.0;
				MARKETING_VERSION = 1.0;
				PRODUCT_BUNDLE_IDENTIFIER = com.jacek.dogiel.RegistrationApp;
				PRODUCT_NAME = "$(TARGET_NAME)";
				SDKROOT = auto;
				SUPPORTED_PLATFORMS = "iphoneos iphonesimulator macosx";
				SWIFT_EMIT_LOC_STRINGS = YES;
				SWIFT_VERSION = 5.0;
				TARGETED_DEVICE_FAMILY = "1,2";
			};
			name = Debug;
		};
		B26AA2092AB48EC7009435A3 /* Release */ = {
			isa = XCBuildConfiguration;
			buildSettings = {
				ASSETCATALOG_COMPILER_APPICON_NAME = AppIcon;
				ASSETCATALOG_COMPILER_GLOBAL_ACCENT_COLOR_NAME = AccentColor;
				CODE_SIGN_ENTITLEMENTS = RegistrationApp/RegistrationApp.entitlements;
				CODE_SIGN_STYLE = Automatic;
				CURRENT_PROJECT_VERSION = 1;
				DEVELOPMENT_ASSET_PATHS = "\"RegistrationApp/Preview Content\"";
				ENABLE_PREVIEWS = YES;
				GENERATE_INFOPLIST_FILE = YES;
				"INFOPLIST_KEY_UIApplicationSceneManifest_Generation[sdk=iphoneos*]" = YES;
				"INFOPLIST_KEY_UIApplicationSceneManifest_Generation[sdk=iphonesimulator*]" = YES;
				"INFOPLIST_KEY_UIApplicationSupportsIndirectInputEvents[sdk=iphoneos*]" = YES;
				"INFOPLIST_KEY_UIApplicationSupportsIndirectInputEvents[sdk=iphonesimulator*]" = YES;
				"INFOPLIST_KEY_UILaunchScreen_Generation[sdk=iphoneos*]" = YES;
				"INFOPLIST_KEY_UILaunchScreen_Generation[sdk=iphonesimulator*]" = YES;
				"INFOPLIST_KEY_UIStatusBarStyle[sdk=iphoneos*]" = UIStatusBarStyleDefault;
				"INFOPLIST_KEY_UIStatusBarStyle[sdk=iphonesimulator*]" = UIStatusBarStyleDefault;
				INFOPLIST_KEY_UISupportedInterfaceOrientations_iPad = "UIInterfaceOrientationPortrait UIInterfaceOrientationPortraitUpsideDown UIInterfaceOrientationLandscapeLeft UIInterfaceOrientationLandscapeRight";
				INFOPLIST_KEY_UISupportedInterfaceOrientations_iPhone = "UIInterfaceOrientationPortrait UIInterfaceOrientationLandscapeLeft UIInterfaceOrientationLandscapeRight";
				IPHONEOS_DEPLOYMENT_TARGET = 16.1;
				LD_RUNPATH_SEARCH_PATHS = "@executable_path/Frameworks";
				"LD_RUNPATH_SEARCH_PATHS[sdk=macosx*]" = "@executable_path/../Frameworks";
				MACOSX_DEPLOYMENT_TARGET = 13.0;
				MARKETING_VERSION = 1.0;
				PRODUCT_BUNDLE_IDENTIFIER = com.jacek.dogiel.RegistrationApp;
				PRODUCT_NAME = "$(TARGET_NAME)";
				SDKROOT = auto;
				SUPPORTED_PLATFORMS = "iphoneos iphonesimulator macosx";
				SWIFT_EMIT_LOC_STRINGS = YES;
				SWIFT_VERSION = 5.0;
				TARGETED_DEVICE_FAMILY = "1,2";
			};
			name = Release;
		};
		B26AA2202AB49C3C009435A3 /* Debug */ = {
			isa = XCBuildConfiguration;
			buildSettings = {
				BUNDLE_LOADER = "$(TEST_HOST)";
				CLANG_ENABLE_MODULES = YES;
				CODE_SIGN_STYLE = Automatic;
				CURRENT_PROJECT_VERSION = 1;
				GENERATE_INFOPLIST_FILE = YES;
				IPHONEOS_DEPLOYMENT_TARGET = 16.1;
				LD_RUNPATH_SEARCH_PATHS = (
					"$(inherited)",
					"@executable_path/Frameworks",
					"@loader_path/Frameworks",
				);
				MARKETING_VERSION = 1.0;
				PRODUCT_BUNDLE_IDENTIFIER = com.jacek.dogiel.RegistrationAppTests;
				PRODUCT_NAME = "$(TARGET_NAME)";
				SDKROOT = iphoneos;
				SWIFT_EMIT_LOC_STRINGS = NO;
				SWIFT_OPTIMIZATION_LEVEL = "-Onone";
				SWIFT_VERSION = 5.0;
				TARGETED_DEVICE_FAMILY = "1,2";
				TEST_HOST = "$(BUILT_PRODUCTS_DIR)/RegistrationApp.app/$(BUNDLE_EXECUTABLE_FOLDER_PATH)/RegistrationApp";
			};
			name = Debug;
		};
		B26AA2212AB49C3C009435A3 /* Release */ = {
			isa = XCBuildConfiguration;
			buildSettings = {
				BUNDLE_LOADER = "$(TEST_HOST)";
				CLANG_ENABLE_MODULES = YES;
				CODE_SIGN_STYLE = Automatic;
				CURRENT_PROJECT_VERSION = 1;
				GENERATE_INFOPLIST_FILE = YES;
				IPHONEOS_DEPLOYMENT_TARGET = 16.1;
				LD_RUNPATH_SEARCH_PATHS = (
					"$(inherited)",
					"@executable_path/Frameworks",
					"@loader_path/Frameworks",
				);
				MARKETING_VERSION = 1.0;
				PRODUCT_BUNDLE_IDENTIFIER = com.jacek.dogiel.RegistrationAppTests;
				PRODUCT_NAME = "$(TARGET_NAME)";
				SDKROOT = iphoneos;
				SWIFT_EMIT_LOC_STRINGS = NO;
				SWIFT_VERSION = 5.0;
				TARGETED_DEVICE_FAMILY = "1,2";
				TEST_HOST = "$(BUILT_PRODUCTS_DIR)/RegistrationApp.app/$(BUNDLE_EXECUTABLE_FOLDER_PATH)/RegistrationApp";
				VALIDATE_PRODUCT = YES;
			};
			name = Release;
		};
/* End XCBuildConfiguration section */

/* Begin XCConfigurationList section */
		B26AA1F32AB48EC7009435A3 /* Build configuration list for PBXProject "RegistrationApp" */ = {
			isa = XCConfigurationList;
			buildConfigurations = (
				B26AA2052AB48EC7009435A3 /* Debug */,
				B26AA2062AB48EC7009435A3 /* Release */,
			);
			defaultConfigurationIsVisible = 0;
			defaultConfigurationName = Release;
		};
		B26AA2072AB48EC7009435A3 /* Build configuration list for PBXNativeTarget "RegistrationApp" */ = {
			isa = XCConfigurationList;
			buildConfigurations = (
				B26AA2082AB48EC7009435A3 /* Debug */,
				B26AA2092AB48EC7009435A3 /* Release */,
			);
			defaultConfigurationIsVisible = 0;
			defaultConfigurationName = Release;
		};
		B26AA21F2AB49C3C009435A3 /* Build configuration list for PBXNativeTarget "RegistrationAppTests" */ = {
			isa = XCConfigurationList;
			buildConfigurations = (
				B26AA2202AB49C3C009435A3 /* Debug */,
				B26AA2212AB49C3C009435A3 /* Release */,
			);
			defaultConfigurationIsVisible = 0;
			defaultConfigurationName = Release;
		};
/* End XCConfigurationList section */
	};
	rootObject = B26AA1F02AB48EC7009435A3 /* Project object */;
}
